Microsoft Visual Studio Solution File, Format Version 10.00
# Visual Studio 2008
Project("{8BC9CEB8-8B4A-11D0-8D11-00A0C91BC942}") = "ALL_BUILD", "ALL_BUILD.vcproj", "{7E669CC8-6192-389A-93A3-F44A21AFDAD9}"
	ProjectSection(ProjectDependencies) = postProject
		{569F3B14-11C9-3431-A8BA-08AA7E370D0E} = {569F3B14-11C9-3431-A8BA-08AA7E370D0E}
		{1CD9EBB4-1EB1-38D3-95E4-1A067AF4F7A6} = {1CD9EBB4-1EB1-38D3-95E4-1A067AF4F7A6}
		{258875A6-8D82-3A98-9969-BC375C71F1F1} = {258875A6-8D82-3A98-9969-BC375C71F1F1}
		{E0ADAA4A-992B-3023-8BC3-ED94CE19DC93} = {E0ADAA4A-992B-3023-8BC3-ED94CE19DC93}
		{DA3DC8F0-16DA-3E84-A99D-989C8AE10620} = {DA3DC8F0-16DA-3E84-A99D-989C8AE10620}
	EndProjectSection
EndProject
Project("{8BC9CEB8-8B4A-11D0-8D11-00A0C91BC942}") = "INSTALL", "INSTALL.vcproj", "{F0599048-88DC-3CD3-B7E1-EC1F97578D77}"
	ProjectSection(ProjectDependencies) = postProject
		{7E669CC8-6192-389A-93A3-F44A21AFDAD9} = {7E669CC8-6192-389A-93A3-F44A21AFDAD9}
		{569F3B14-11C9-3431-A8BA-08AA7E370D0E} = {569F3B14-11C9-3431-A8BA-08AA7E370D0E}
	EndProjectSection
EndProject
Project("{8BC9CEB8-8B4A-11D0-8D11-00A0C91BC942}") = "ZERO_CHECK", "ZERO_CHECK.vcproj", "{569F3B14-11C9-3431-A8BA-08AA7E370D0E}"
	ProjectSection(ProjectDependencies) = postProject
	EndProjectSection
EndProject
Project("{8BC9CEB8-8B4A-11D0-8D11-00A0C91BC942}") = "elements", "elements.vcproj", "{1CD9EBB4-1EB1-38D3-95E4-1A067AF4F7A6}"
	ProjectSection(ProjectDependencies) = postProject
		{569F3B14-11C9-3431-A8BA-08AA7E370D0E} = {569F3B14-11C9-3431-A8BA-08AA7E370D0E}
		{258875A6-8D82-3A98-9969-BC375C71F1F1} = {258875A6-8D82-3A98-9969-BC375C71F1F1}
	EndProjectSection
EndProject
Project("{8BC9CEB8-8B4A-11D0-8D11-00A0C91BC942}") = "expat", "expat.vcproj", "{258875A6-8D82-3A98-9969-BC375C71F1F1}"
	ProjectSection(ProjectDependencies) = postProject
		{569F3B14-11C9-3431-A8BA-08AA7E370D0E} = {569F3B14-11C9-3431-A8BA-08AA7E370D0E}
	EndProjectSection
EndProject
Project("{8BC9CEB8-8B4A-11D0-8D11-00A0C91BC942}") = "outline", "outline.vcproj", "{E0ADAA4A-992B-3023-8BC3-ED94CE19DC93}"
	ProjectSection(ProjectDependencies) = postProject
		{569F3B14-11C9-3431-A8BA-08AA7E370D0E} = {569F3B14-11C9-3431-A8BA-08AA7E370D0E}
		{258875A6-8D82-3A98-9969-BC375C71F1F1} = {258875A6-8D82-3A98-9969-BC375C71F1F1}
	EndProjectSection
EndProject
Project("{8BC9CEB8-8B4A-11D0-8D11-00A0C91BC942}") = "xmlwf", "xmlwf.vcproj", "{DA3DC8F0-16DA-3E84-A99D-989C8AE10620}"
	ProjectSection(ProjectDependencies) = postProject
		{569F3B14-11C9-3431-A8BA-08AA7E370D0E} = {569F3B14-11C9-3431-A8BA-08AA7E370D0E}
		{258875A6-8D82-3A98-9969-BC375C71F1F1} = {258875A6-8D82-3A98-9969-BC375C71F1F1}
	EndProjectSection
EndProject
Global
	GlobalSection(SolutionConfigurationPlatforms) = preSolution
		Debug|x64 = Debug|x64
		Release|x64 = Release|x64
		MinSizeRel|x64 = MinSizeRel|x64
		RelWithDebInfo|x64 = RelWithDebInfo|x64
	EndGlobalSection
	GlobalSection(ProjectConfigurationPlatforms) = postSolution
		{7E669CC8-6192-389A-93A3-F44A21AFDAD9}.Debug|x64.ActiveCfg = Debug|x64
		{7E669CC8-6192-389A-93A3-F44A21AFDAD9}.Debug|x64.Build.0 = Debug|x64
		{7E669CC8-6192-389A-93A3-F44A21AFDAD9}.Release|x64.ActiveCfg = Release|x64
		{7E669CC8-6192-389A-93A3-F44A21AFDAD9}.Release|x64.Build.0 = Release|x64
		{7E669CC8-6192-389A-93A3-F44A21AFDAD9}.MinSizeRel|x64.ActiveCfg = MinSizeRel|x64
		{7E669CC8-6192-389A-93A3-F44A21AFDAD9}.MinSizeRel|x64.Build.0 = MinSizeRel|x64
		{7E669CC8-6192-389A-93A3-F44A21AFDAD9}.RelWithDebInfo|x64.ActiveCfg = RelWithDebInfo|x64
		{7E669CC8-6192-389A-93A3-F44A21AFDAD9}.RelWithDebInfo|x64.Build.0 = RelWithDebInfo|x64
		{F0599048-88DC-3CD3-B7E1-EC1F97578D77}.Debug|x64.ActiveCfg = Debug|x64
		{F0599048-88DC-3CD3-B7E1-EC1F97578D77}.Release|x64.ActiveCfg = Release|x64
		{F0599048-88DC-3CD3-B7E1-EC1F97578D77}.MinSizeRel|x64.ActiveCfg = MinSizeRel|x64
		{F0599048-88DC-3CD3-B7E1-EC1F97578D77}.RelWithDebInfo|x64.ActiveCfg = RelWithDebInfo|x64
		{569F3B14-11C9-3431-A8BA-08AA7E370D0E}.Debug|x64.ActiveCfg = Debug|x64
		{569F3B14-11C9-3431-A8BA-08AA7E370D0E}.Debug|x64.Build.0 = Debug|x64
		{569F3B14-11C9-3431-A8BA-08AA7E370D0E}.Release|x64.ActiveCfg = Release|x64
		{569F3B14-11C9-3431-A8BA-08AA7E370D0E}.Release|x64.Build.0 = Release|x64
		{569F3B14-11C9-3431-A8BA-08AA7E370D0E}.MinSizeRel|x64.ActiveCfg = MinSizeRel|x64
		{569F3B14-11C9-3431-A8BA-08AA7E370D0E}.MinSizeRel|x64.Build.0 = MinSizeRel|x64
		{569F3B14-11C9-3431-A8BA-08AA7E370D0E}.RelWithDebInfo|x64.ActiveCfg = RelWithDebInfo|x64
		{569F3B14-11C9-3431-A8BA-08AA7E370D0E}.RelWithDebInfo|x64.Build.0 = RelWithDebInfo|x64
		{1CD9EBB4-1EB1-38D3-95E4-1A067AF4F7A6}.Debug|x64.ActiveCfg = Debug|x64
		{1CD9EBB4-1EB1-38D3-95E4-1A067AF4F7A6}.Debug|x64.Build.0 = Debug|x64
		{1CD9EBB4-1EB1-38D3-95E4-1A067AF4F7A6}.Release|x64.ActiveCfg = Release|x64
		{1CD9EBB4-1EB1-38D3-95E4-1A067AF4F7A6}.Release|x64.Build.0 = Release|x64
		{1CD9EBB4-1EB1-38D3-95E4-1A067AF4F7A6}.MinSizeRel|x64.ActiveCfg = MinSizeRel|x64
		{1CD9EBB4-1EB1-38D3-95E4-1A067AF4F7A6}.MinSizeRel|x64.Build.0 = MinSizeRel|x64
		{1CD9EBB4-1EB1-38D3-95E4-1A067AF4F7A6}.RelWithDebInfo|x64.ActiveCfg = RelWithDebInfo|x64
		{1CD9EBB4-1EB1-38D3-95E4-1A067AF4F7A6}.RelWithDebInfo|x64.Build.0 = RelWithDebInfo|x64
		{258875A6-8D82-3A98-9969-BC375C71F1F1}.Debug|x64.ActiveCfg = Debug|x64
		{258875A6-8D82-3A98-9969-BC375C71F1F1}.Debug|x64.Build.0 = Debug|x64
		{258875A6-8D82-3A98-9969-BC375C71F1F1}.Release|x64.ActiveCfg = Release|x64
		{258875A6-8D82-3A98-9969-BC375C71F1F1}.Release|x64.Build.0 = Release|x64
		{258875A6-8D82-3A98-9969-BC375C71F1F1}.MinSizeRel|x64.ActiveCfg = MinSizeRel|x64
		{258875A6-8D82-3A98-9969-BC375C71F1F1}.MinSizeRel|x64.Build.0 = MinSizeRel|x64
		{258875A6-8D82-3A98-9969-BC375C71F1F1}.RelWithDebInfo|x64.ActiveCfg = RelWithDebInfo|x64
		{258875A6-8D82-3A98-9969-BC375C71F1F1}.RelWithDebInfo|x64.Build.0 = RelWithDebInfo|x64
		{E0ADAA4A-992B-3023-8BC3-ED94CE19DC93}.Debug|x64.ActiveCfg = Debug|x64
		{E0ADAA4A-992B-3023-8BC3-ED94CE19DC93}.Debug|x64.Build.0 = Debug|x64
		{E0ADAA4A-992B-3023-8BC3-ED94CE19DC93}.Release|x64.ActiveCfg = Release|x64
		{E0ADAA4A-992B-3023-8BC3-ED94CE19DC93}.Release|x64.Build.0 = Release|x64
		{E0ADAA4A-992B-3023-8BC3-ED94CE19DC93}.MinSizeRel|x64.ActiveCfg = MinSizeRel|x64
		{E0ADAA4A-992B-3023-8BC3-ED94CE19DC93}.MinSizeRel|x64.Build.0 = MinSizeRel|x64
		{E0ADAA4A-992B-3023-8BC3-ED94CE19DC93}.RelWithDebInfo|x64.ActiveCfg = RelWithDebInfo|x64
		{E0ADAA4A-992B-3023-8BC3-ED94CE19DC93}.RelWithDebInfo|x64.Build.0 = RelWithDebInfo|x64
		{DA3DC8F0-16DA-3E84-A99D-989C8AE10620}.Debug|x64.ActiveCfg = Debug|x64
		{DA3DC8F0-16DA-3E84-A99D-989C8AE10620}.Debug|x64.Build.0 = Debug|x64
		{DA3DC8F0-16DA-3E84-A99D-989C8AE10620}.Release|x64.ActiveCfg = Release|x64
		{DA3DC8F0-16DA-3E84-A99D-989C8AE10620}.Release|x64.Build.0 = Release|x64
		{DA3DC8F0-16DA-3E84-A99D-989C8AE10620}.MinSizeRel|x64.ActiveCfg = MinSizeRel|x64
		{DA3DC8F0-16DA-3E84-A99D-989C8AE10620}.MinSizeRel|x64.Build.0 = MinSizeRel|x64
		{DA3DC8F0-16DA-3E84-A99D-989C8AE10620}.RelWithDebInfo|x64.ActiveCfg = RelWithDebInfo|x64
		{DA3DC8F0-16DA-3E84-A99D-989C8AE10620}.RelWithDebInfo|x64.Build.0 = RelWithDebInfo|x64
	EndGlobalSection
	GlobalSection(ExtensibilityGlobals) = postSolution
	EndGlobalSection
	GlobalSection(ExtensibilityAddIns) = postSolution
	EndGlobalSection
EndGlobal
